
Microsoft Visual Studio Solution File, Format Version 12.00
# Visual Studio Version 17
VisualStudioVersion = 17.9.34728.123
MinimumVisualStudioVersion = 10.0.40219.1
Project("{FAE04EC0-301F-11D3-BF4B-00C04F79EFBC}") = "Umzila", "Umzila\Umzila.csproj", "{8C9467A0-3692-4E90-BA8D-6C5CC1B8DB5E}"
EndProject
Global
	GlobalSection(SolutionConfigurationPlatforms) = preSolution
		Debug|Any CPU = Debug|Any CPU
		Release|Any CPU = Release|Any CPU
	EndGlobalSection
	GlobalSection(ProjectConfigurationPlatforms) = postSolution
		{8C9467A0-3692-4E90-BA8D-6C5CC1B8DB5E}.Debug|Any CPU.ActiveCfg = Debug|Any CPU
		{8C9467A0-3692-4E90-BA8D-6C5CC1B8DB5E}.Debug|Any CPU.Build.0 = Debug|Any CPU
		{8C9467A0-3692-4E90-BA8D-6C5CC1B8DB5E}.Debug|Any CPU.Deploy.0 = Debug|Any CPU
		{8C9467A0-3692-4E90-BA8D-6C5CC1B8DB5E}.Release|Any CPU.ActiveCfg = Release|Any CPU
		{8C9467A0-3692-4E90-BA8D-6C5CC1B8DB5E}.Release|Any CPU.Build.0 = Release|Any CPU
		{8C9467A0-3692-4E90-BA8D-6C5CC1B8DB5E}.Release|Any CPU.Deploy.0 = Release|Any CPU
	EndGlobalSection
	GlobalSection(SolutionProperties) = preSolution
		HideSolutionNode = FALSE
	EndGlobalSection
	GlobalSection(ExtensibilityGlobals) = postSolution
		SolutionGuid = {28FA8E9C-5BBA-4B4D-9165-5DFB2884E41C}
	EndGlobalSection
EndGlobal
